
Microsoft Visual Studio Solution File, Format Version 12.00
# Visual Studio Version 17
VisualStudioVersion = 17.0.31919.166
MinimumVisualStudioVersion = 10.0.40219.1
Project("{9A19103F-16F7-4668-BE54-9A1E7A4F7556}") = "StoneIn_A_Row", "StoneIn_A_Row\StoneIn_A_Row.csproj", "{E17A0435-751C-4342-921D-99DD67D01BBE}"
EndProject
Project("{9A19103F-16F7-4668-BE54-9A1E7A4F7556}") = "HQ9+ProgrammingLanguage", "HQ9+ProgrammingLanguage\HQ9+ProgrammingLanguage.csproj", "{27A7CAC1-EE07-43C4-93FE-42CD20518820}"
EndProject
Project("{9A19103F-16F7-4668-BE54-9A1E7A4F7556}") = "ChatRoom", "ChatRoom\ChatRoom.csproj", "{669DD7FC-331D-48E5-BCAF-22343F7319EB}"
EndProject
Project("{9A19103F-16F7-4668-BE54-9A1E7A4F7556}") = "LTwoSum", "LTwoSum\LTwoSum.csproj", "{F6D1B787-02F5-461B-8EF8-FB27E676047B}"
EndProject
Project("{9A19103F-16F7-4668-BE54-9A1E7A4F7556}") = "Lpalindrome", "Lpalindrome\Lpalindrome.csproj", "{823D2ACB-91B4-4A2F-8D14-F09551282D65}"
EndProject
Project("{9A19103F-16F7-4668-BE54-9A1E7A4F7556}") = "LRomanToInteger", "LRomanToInteger\LRomanToInteger.csproj", "{63BB9627-92F5-4D56-A19E-929DCF5F85CB}"
EndProject
Project("{9A19103F-16F7-4668-BE54-9A1E7A4F7556}") = "aWord", "aWord\aWord.csproj", "{99D8F894-54D5-4CB4-9953-A0FB255A9823}"
EndProject
Project("{9A19103F-16F7-4668-BE54-9A1E7A4F7556}") = "Elephant_617", "Elephant_617\Elephant_617.csproj", "{EF484CA1-2A90-4F8D-AADF-8F512705C570}"
EndProject
Project("{9A19103F-16F7-4668-BE54-9A1E7A4F7556}") = "WrongSubstruction", "WrongSubstruction\WrongSubstruction.csproj", "{B76D9077-1CDD-4C4D-9F1B-DCF77287583F}"
EndProject
Project("{9A19103F-16F7-4668-BE54-9A1E7A4F7556}") = "BearAndBigBrother791", "BearAndBigBrother791\BearAndBigBrother791.csproj", "{440B5F83-DE5F-4B4D-9B27-14EC4F843D3B}"
EndProject
Project("{9A19103F-16F7-4668-BE54-9A1E7A4F7556}") = "SoldierAndBananas546", "SoldierAndBananas546\SoldierAndBananas546.csproj", "{DE60FB34-9AF9-45C6-9FF4-68556A931229}"
EndProject
Project("{9A19103F-16F7-4668-BE54-9A1E7A4F7556}") = "Football96", "Football96\Football96.csproj", "{8D3772EB-424C-40B0-BF23-EE61AAECE5F0}"
EndProject
Project("{9A19103F-16F7-4668-BE54-9A1E7A4F7556}") = "BoyOrGirl236", "BoyOrGirl236\BoyOrGirl236.csproj", "{01E17177-5A78-4973-AE2F-5736F9E6CF3D}"
EndProject
Project("{FAE04EC0-301F-11D3-BF4B-00C04F79EFBC}") = "HelpfulMaths339", "HelpfulMaths339\HelpfulMaths339.csproj", "{DE2431B5-FDA8-4C22-B92F-1A577D45CFC6}"
EndProject
Global
	GlobalSection(SolutionConfigurationPlatforms) = preSolution
		Debug|Any CPU = Debug|Any CPU
		Release|Any CPU = Release|Any CPU
	EndGlobalSection
	GlobalSection(ProjectConfigurationPlatforms) = postSolution
		{E17A0435-751C-4342-921D-99DD67D01BBE}.Debug|Any CPU.ActiveCfg = Debug|Any CPU
		{E17A0435-751C-4342-921D-99DD67D01BBE}.Debug|Any CPU.Build.0 = Debug|Any CPU
		{E17A0435-751C-4342-921D-99DD67D01BBE}.Release|Any CPU.ActiveCfg = Release|Any CPU
		{E17A0435-751C-4342-921D-99DD67D01BBE}.Release|Any CPU.Build.0 = Release|Any CPU
		{27A7CAC1-EE07-43C4-93FE-42CD20518820}.Debug|Any CPU.ActiveCfg = Debug|Any CPU
		{27A7CAC1-EE07-43C4-93FE-42CD20518820}.Debug|Any CPU.Build.0 = Debug|Any CPU
		{27A7CAC1-EE07-43C4-93FE-42CD20518820}.Release|Any CPU.ActiveCfg = Release|Any CPU
		{27A7CAC1-EE07-43C4-93FE-42CD20518820}.Release|Any CPU.Build.0 = Release|Any CPU
		{669DD7FC-331D-48E5-BCAF-22343F7319EB}.Debug|Any CPU.ActiveCfg = Debug|Any CPU
		{669DD7FC-331D-48E5-BCAF-22343F7319EB}.Debug|Any CPU.Build.0 = Debug|Any CPU
		{669DD7FC-331D-48E5-BCAF-22343F7319EB}.Release|Any CPU.ActiveCfg = Release|Any CPU
		{669DD7FC-331D-48E5-BCAF-22343F7319EB}.Release|Any CPU.Build.0 = Release|Any CPU
		{F6D1B787-02F5-461B-8EF8-FB27E676047B}.Debug|Any CPU.ActiveCfg = Debug|Any CPU
		{F6D1B787-02F5-461B-8EF8-FB27E676047B}.Debug|Any CPU.Build.0 = Debug|Any CPU
		{F6D1B787-02F5-461B-8EF8-FB27E676047B}.Release|Any CPU.ActiveCfg = Release|Any CPU
		{F6D1B787-02F5-461B-8EF8-FB27E676047B}.Release|Any CPU.Build.0 = Release|Any CPU
		{823D2ACB-91B4-4A2F-8D14-F09551282D65}.Debug|Any CPU.ActiveCfg = Debug|Any CPU
		{823D2ACB-91B4-4A2F-8D14-F09551282D65}.Debug|Any CPU.Build.0 = Debug|Any CPU
		{823D2ACB-91B4-4A2F-8D14-F09551282D65}.Release|Any CPU.ActiveCfg = Release|Any CPU
		{823D2ACB-91B4-4A2F-8D14-F09551282D65}.Release|Any CPU.Build.0 = Release|Any CPU
		{63BB9627-92F5-4D56-A19E-929DCF5F85CB}.Debug|Any CPU.ActiveCfg = Debug|Any CPU
		{63BB9627-92F5-4D56-A19E-929DCF5F85CB}.Debug|Any CPU.Build.0 = Debug|Any CPU
		{63BB9627-92F5-4D56-A19E-929DCF5F85CB}.Release|Any CPU.ActiveCfg = Release|Any CPU
		{63BB9627-92F5-4D56-A19E-929DCF5F85CB}.Release|Any CPU.Build.0 = Release|Any CPU
		{99D8F894-54D5-4CB4-9953-A0FB255A9823}.Debug|Any CPU.ActiveCfg = Debug|Any CPU
		{99D8F894-54D5-4CB4-9953-A0FB255A9823}.Debug|Any CPU.Build.0 = Debug|Any CPU
		{99D8F894-54D5-4CB4-9953-A0FB255A9823}.Release|Any CPU.ActiveCfg = Release|Any CPU
		{99D8F894-54D5-4CB4-9953-A0FB255A9823}.Release|Any CPU.Build.0 = Release|Any CPU
		{EF484CA1-2A90-4F8D-AADF-8F512705C570}.Debug|Any CPU.ActiveCfg = Debug|Any CPU
		{EF484CA1-2A90-4F8D-AADF-8F512705C570}.Debug|Any CPU.Build.0 = Debug|Any CPU
		{EF484CA1-2A90-4F8D-AADF-8F512705C570}.Release|Any CPU.ActiveCfg = Release|Any CPU
		{EF484CA1-2A90-4F8D-AADF-8F512705C570}.Release|Any CPU.Build.0 = Release|Any CPU
		{B76D9077-1CDD-4C4D-9F1B-DCF77287583F}.Debug|Any CPU.ActiveCfg = Debug|Any CPU
		{B76D9077-1CDD-4C4D-9F1B-DCF77287583F}.Debug|Any CPU.Build.0 = Debug|Any CPU
		{B76D9077-1CDD-4C4D-9F1B-DCF77287583F}.Release|Any CPU.ActiveCfg = Release|Any CPU
		{B76D9077-1CDD-4C4D-9F1B-DCF77287583F}.Release|Any CPU.Build.0 = Release|Any CPU
		{440B5F83-DE5F-4B4D-9B27-14EC4F843D3B}.Debug|Any CPU.ActiveCfg = Debug|Any CPU
		{440B5F83-DE5F-4B4D-9B27-14EC4F843D3B}.Debug|Any CPU.Build.0 = Debug|Any CPU
		{440B5F83-DE5F-4B4D-9B27-14EC4F843D3B}.Release|Any CPU.ActiveCfg = Release|Any CPU
		{440B5F83-DE5F-4B4D-9B27-14EC4F843D3B}.Release|Any CPU.Build.0 = Release|Any CPU
		{DE60FB34-9AF9-45C6-9FF4-68556A931229}.Debug|Any CPU.ActiveCfg = Debug|Any CPU
		{DE60FB34-9AF9-45C6-9FF4-68556A931229}.Debug|Any CPU.Build.0 = Debug|Any CPU
		{DE60FB34-9AF9-45C6-9FF4-68556A931229}.Release|Any CPU.ActiveCfg = Release|Any CPU
		{DE60FB34-9AF9-45C6-9FF4-68556A931229}.Release|Any CPU.Build.0 = Release|Any CPU
		{8D3772EB-424C-40B0-BF23-EE61AAECE5F0}.Debug|Any CPU.ActiveCfg = Debug|Any CPU
		{8D3772EB-424C-40B0-BF23-EE61AAECE5F0}.Debug|Any CPU.Build.0 = Debug|Any CPU
		{8D3772EB-424C-40B0-BF23-EE61AAECE5F0}.Release|Any CPU.ActiveCfg = Release|Any CPU
		{8D3772EB-424C-40B0-BF23-EE61AAECE5F0}.Release|Any CPU.Build.0 = Release|Any CPU
		{01E17177-5A78-4973-AE2F-5736F9E6CF3D}.Debug|Any CPU.ActiveCfg = Debug|Any CPU
		{01E17177-5A78-4973-AE2F-5736F9E6CF3D}.Debug|Any CPU.Build.0 = Debug|Any CPU
		{01E17177-5A78-4973-AE2F-5736F9E6CF3D}.Release|Any CPU.ActiveCfg = Release|Any CPU
		{01E17177-5A78-4973-AE2F-5736F9E6CF3D}.Release|Any CPU.Build.0 = Release|Any CPU
		{DE2431B5-FDA8-4C22-B92F-1A577D45CFC6}.Debug|Any CPU.ActiveCfg = Debug|Any CPU
		{DE2431B5-FDA8-4C22-B92F-1A577D45CFC6}.Debug|Any CPU.Build.0 = Debug|Any CPU
		{DE2431B5-FDA8-4C22-B92F-1A577D45CFC6}.Release|Any CPU.ActiveCfg = Release|Any CPU
		{DE2431B5-FDA8-4C22-B92F-1A577D45CFC6}.Release|Any CPU.Build.0 = Release|Any CPU
	EndGlobalSection
	GlobalSection(SolutionProperties) = preSolution
		HideSolutionNode = FALSE
	EndGlobalSection
	GlobalSection(ExtensibilityGlobals) = postSolution
		SolutionGuid = {4CF1743B-750B-4E73-AA85-73F0F6198FB2}
	EndGlobalSection
EndGlobal
